
Microsoft Visual Studio Solution File, Format Version 12.00
# Visual Studio Version 16
VisualStudioVersion = 16.0.29519.87
MinimumVisualStudioVersion = 10.0.40219.1
Project("{FAE04EC0-301F-11D3-BF4B-00C04F79EFBC}") = "Vidly", "Vidly.csproj", "{1181FE59-E822-4E12-9C91-5666FB606F3F}"
EndProject
Global
	GlobalSection(SolutionConfigurationPlatforms) = preSolution
		Debug|Any CPU = Debug|Any CPU
		Release|Any CPU = Release|Any CPU
	EndGlobalSection
	GlobalSection(ProjectConfigurationPlatforms) = postSolution
		{1181FE59-E822-4E12-9C91-5666FB606F3F}.Debug|Any CPU.ActiveCfg = Debug|Any CPU
		{1181FE59-E822-4E12-9C91-5666FB606F3F}.Debug|Any CPU.Build.0 = Debug|Any CPU
		{1181FE59-E822-4E12-9C91-5666FB606F3F}.Release|Any CPU.ActiveCfg = Release|Any CPU
		{1181FE59-E822-4E12-9C91-5666FB606F3F}.Release|Any CPU.Build.0 = Release|Any CPU
	EndGlobalSection
	GlobalSection(SolutionProperties) = preSolution
		HideSolutionNode = FALSE
	EndGlobalSection
	GlobalSection(ExtensibilityGlobals) = postSolution
		SolutionGuid = {5AC940BB-B514-47AD-A96A-6938496E5DA7}
	EndGlobalSection
EndGlobal
